{
  ^lock_format 1
  ^root_manifest_digest "sha256:5074f2916f74fa553b2b78b8cb334e61ac2ba57cb970698c3de57698b7e87997"
  ^workspace_digest "sha256:fc2162cc3f53253d71cefe2b0b1aff86e38baedf5c3e230b17d47d035a38ca06"
  ^registry_snapshots [
  ]
  ^roots [ "workspace:gene/miclone@0.1.0#sha256:795927d17d558f67f608a058973b3830c8cf94a28f5ae4db275d34cba4538103"]
  ^packages [
    (locked_package
      ^id "workspace:gene/miclone@0.1.0#sha256:795927d17d558f67f608a058973b3830c8cf94a28f5ae4db275d34cba4538103"
      ^name "gene/miclone"
      ^version "0.1.0"
      ^manifest_digest "sha256:5074f2916f74fa553b2b78b8cb334e61ac2ba57cb970698c3de57698b7e87997"
      ^source (workspace ^path ".")
      ^features []
      ^dependencies {
      }
      ^compatibility (compatibility ^package_format 1 ^runtime ">=0.1.0 <0.2.0"))
  ]
}
