{
  ^lock_format 1
  ^root_manifest_digest "sha256:280a1749cb655913ff0f2d486d0216433e38b88d7ac4b1c4f8cdfdebb9874bdd"
  ^workspace_digest "sha256:fc2162cc3f53253d71cefe2b0b1aff86e38baedf5c3e230b17d47d035a38ca06"
  ^registry_snapshots [
  ]
  ^roots [ "workspace:gene/safe_ai_agent@0.1.0#sha256:a2108154f55b90319473c1a6853840e20ec672dbe09230483b9ad59c8369ba7b"]
  ^packages [
    (locked_package
      ^id "workspace:gene/safe_ai_agent@0.1.0#sha256:a2108154f55b90319473c1a6853840e20ec672dbe09230483b9ad59c8369ba7b"
      ^name "gene/safe_ai_agent"
      ^version "0.1.0"
      ^manifest_digest "sha256:280a1749cb655913ff0f2d486d0216433e38b88d7ac4b1c4f8cdfdebb9874bdd"
      ^source (workspace ^path ".")
      ^features []
      ^dependencies {
      }
      ^compatibility (compatibility ^package_format 1 ^runtime ">=0.1.0 <0.2.0"))
  ]
}
