{
  ^lock_format 1
  ^root_manifest_digest "sha256:a2acf5c70251a8377f3ef749ff3472e548758875358e465d3acb911a9c40849f"
  ^workspace_digest "sha256:fc2162cc3f53253d71cefe2b0b1aff86e38baedf5c3e230b17d47d035a38ca06"
  ^registry_snapshots [
  ]
  ^roots [ "workspace:gene/new_world@0.1.0#sha256:1687bb7cb8ff3b6b4680c5a24e967acec57ce5a61daac063947e668180f4ed33"]
  ^packages [
    (locked_package
      ^id "workspace:gene/new_world@0.1.0#sha256:1687bb7cb8ff3b6b4680c5a24e967acec57ce5a61daac063947e668180f4ed33"
      ^name "gene/new_world"
      ^version "0.1.0"
      ^manifest_digest "sha256:a2acf5c70251a8377f3ef749ff3472e548758875358e465d3acb911a9c40849f"
      ^source (workspace ^path ".")
      ^features []
      ^dependencies {
      }
      ^compatibility (compatibility ^package_format 1 ^runtime ">=0.1.0 <0.2.0"))
  ]
}
